
Microsoft Visual Studio Solution File, Format Version 12.00
# Visual Studio 15
VisualStudioVersion = 15.0.26730.10
MinimumVisualStudioVersion = 10.0.40219.1
Project("{2150E333-8FDC-42A3-9474-1A3956D46DE8}") = "Bandicoot.Interface", "Bandicoot.Interface", "{D3F1A996-A396-4C33-99B4-7492AA290897}"
EndProject
Project("{2150E333-8FDC-42A3-9474-1A3956D46DE8}") = "MVC", "MVC", "{C10A96C0-E125-4256-BBF9-DE227D790EA6}"
EndProject
Project("{2150E333-8FDC-42A3-9474-1A3956D46DE8}") = "MaterialForms", "MaterialForms", "{302ECB3C-693F-4B6F-96C5-BF039DE972E3}"
EndProject
Project("{FAE04EC0-301F-11D3-BF4B-00C04F79EFBC}") = "Bandicoot.Model", "Bandicoot.Model\Bandicoot.Model.csproj", "{2E09F4B9-E562-4294-B107-344727ED7F5E}"
EndProject
Project("{2150E333-8FDC-42A3-9474-1A3956D46DE8}") = "Model", "Model", "{E7B4B1C9-707A-4C72-99BB-C2D126F1D2D7}"
EndProject
Project("{FAE04EC0-301F-11D3-BF4B-00C04F79EFBC}") = "MaterialForms", "MaterialForms\MaterialForms.csproj", "{99A32F63-FBE3-454D-896C-662365E28E9D}"
EndProject
Global
	GlobalSection(SolutionConfigurationPlatforms) = preSolution
		Debug|Any CPU = Debug|Any CPU
		Release|Any CPU = Release|Any CPU
	EndGlobalSection
	GlobalSection(ProjectConfigurationPlatforms) = postSolution
		{2E09F4B9-E562-4294-B107-344727ED7F5E}.Debug|Any CPU.ActiveCfg = Debug|Any CPU
		{2E09F4B9-E562-4294-B107-344727ED7F5E}.Debug|Any CPU.Build.0 = Debug|Any CPU
		{2E09F4B9-E562-4294-B107-344727ED7F5E}.Release|Any CPU.ActiveCfg = Release|Any CPU
		{2E09F4B9-E562-4294-B107-344727ED7F5E}.Release|Any CPU.Build.0 = Release|Any CPU
		{99A32F63-FBE3-454D-896C-662365E28E9D}.Debug|Any CPU.ActiveCfg = Debug|Any CPU
		{99A32F63-FBE3-454D-896C-662365E28E9D}.Debug|Any CPU.Build.0 = Debug|Any CPU
		{99A32F63-FBE3-454D-896C-662365E28E9D}.Release|Any CPU.ActiveCfg = Release|Any CPU
		{99A32F63-FBE3-454D-896C-662365E28E9D}.Release|Any CPU.Build.0 = Release|Any CPU
	EndGlobalSection
	GlobalSection(SolutionProperties) = preSolution
		HideSolutionNode = FALSE
	EndGlobalSection
	GlobalSection(NestedProjects) = preSolution
		{C10A96C0-E125-4256-BBF9-DE227D790EA6} = {D3F1A996-A396-4C33-99B4-7492AA290897}
		{302ECB3C-693F-4B6F-96C5-BF039DE972E3} = {D3F1A996-A396-4C33-99B4-7492AA290897}
		{2E09F4B9-E562-4294-B107-344727ED7F5E} = {E7B4B1C9-707A-4C72-99BB-C2D126F1D2D7}
		{99A32F63-FBE3-454D-896C-662365E28E9D} = {302ECB3C-693F-4B6F-96C5-BF039DE972E3}
	EndGlobalSection
	GlobalSection(ExtensibilityGlobals) = postSolution
		SolutionGuid = {2CC77AA4-9AB2-4CDC-8456-47053406E204}
	EndGlobalSection
EndGlobal
